
Microsoft Visual Studio Solution File, Format Version 12.00
# Visual Studio Version 17
VisualStudioVersion = 17.9.34607.119
MinimumVisualStudioVersion = 10.0.40219.1
Project("{FAE04EC0-301F-11D3-BF4B-00C04F79EFBC}") = "School.Data", "School.Data\School.Data.csproj", "{9ABCCBC7-7188-462C-AD49-672A4E22700E}"
EndProject
Project("{FAE04EC0-301F-11D3-BF4B-00C04F79EFBC}") = "School.Infastructure", "School.Infastructure\School.Infastructure.csproj", "{8BD3E51C-40B8-4934-8E83-2B898CCDC467}"
EndProject
Project("{FAE04EC0-301F-11D3-BF4B-00C04F79EFBC}") = "School.Service", "School.Service\School.Service.csproj", "{47C7D114-75E4-4711-8446-38173C4BA753}"
EndProject
Project("{FAE04EC0-301F-11D3-BF4B-00C04F79EFBC}") = "School.Core", "School.Core\School.Core.csproj", "{B424EE8E-CAFD-4D62-9207-B6BF365296EC}"
EndProject
Project("{FAE04EC0-301F-11D3-BF4B-00C04F79EFBC}") = "School.Api", "School.Api\School.Api.csproj", "{750EDD29-C2FB-40FF-8F5E-942F774AD99C}"
EndProject
Global
	GlobalSection(SolutionConfigurationPlatforms) = preSolution
		Debug|Any CPU = Debug|Any CPU
		Release|Any CPU = Release|Any CPU
	EndGlobalSection
	GlobalSection(ProjectConfigurationPlatforms) = postSolution
		{9ABCCBC7-7188-462C-AD49-672A4E22700E}.Debug|Any CPU.ActiveCfg = Debug|Any CPU
		{9ABCCBC7-7188-462C-AD49-672A4E22700E}.Debug|Any CPU.Build.0 = Debug|Any CPU
		{9ABCCBC7-7188-462C-AD49-672A4E22700E}.Release|Any CPU.ActiveCfg = Release|Any CPU
		{9ABCCBC7-7188-462C-AD49-672A4E22700E}.Release|Any CPU.Build.0 = Release|Any CPU
		{8BD3E51C-40B8-4934-8E83-2B898CCDC467}.Debug|Any CPU.ActiveCfg = Debug|Any CPU
		{8BD3E51C-40B8-4934-8E83-2B898CCDC467}.Debug|Any CPU.Build.0 = Debug|Any CPU
		{8BD3E51C-40B8-4934-8E83-2B898CCDC467}.Release|Any CPU.ActiveCfg = Release|Any CPU
		{8BD3E51C-40B8-4934-8E83-2B898CCDC467}.Release|Any CPU.Build.0 = Release|Any CPU
		{47C7D114-75E4-4711-8446-38173C4BA753}.Debug|Any CPU.ActiveCfg = Debug|Any CPU
		{47C7D114-75E4-4711-8446-38173C4BA753}.Debug|Any CPU.Build.0 = Debug|Any CPU
		{47C7D114-75E4-4711-8446-38173C4BA753}.Release|Any CPU.ActiveCfg = Release|Any CPU
		{47C7D114-75E4-4711-8446-38173C4BA753}.Release|Any CPU.Build.0 = Release|Any CPU
		{B424EE8E-CAFD-4D62-9207-B6BF365296EC}.Debug|Any CPU.ActiveCfg = Debug|Any CPU
		{B424EE8E-CAFD-4D62-9207-B6BF365296EC}.Debug|Any CPU.Build.0 = Debug|Any CPU
		{B424EE8E-CAFD-4D62-9207-B6BF365296EC}.Release|Any CPU.ActiveCfg = Release|Any CPU
		{B424EE8E-CAFD-4D62-9207-B6BF365296EC}.Release|Any CPU.Build.0 = Release|Any CPU
		{750EDD29-C2FB-40FF-8F5E-942F774AD99C}.Debug|Any CPU.ActiveCfg = Debug|Any CPU
		{750EDD29-C2FB-40FF-8F5E-942F774AD99C}.Debug|Any CPU.Build.0 = Debug|Any CPU
		{750EDD29-C2FB-40FF-8F5E-942F774AD99C}.Release|Any CPU.ActiveCfg = Release|Any CPU
		{750EDD29-C2FB-40FF-8F5E-942F774AD99C}.Release|Any CPU.Build.0 = Release|Any CPU
	EndGlobalSection
	GlobalSection(SolutionProperties) = preSolution
		HideSolutionNode = FALSE
	EndGlobalSection
	GlobalSection(ExtensibilityGlobals) = postSolution
		SolutionGuid = {710C128F-A339-406F-80AB-4E66D9C332F8}
	EndGlobalSection
EndGlobal
